// !$*UTF8*$!
{
	archiveVersion = 1;
	classes = {
	};
	objectVersion = 55;
	objects = {

/* Begin PBXBuildFile section */
		CD69F9C827AD838A00D2F67A /* AppDelegate.swift in Sources */ = {isa = PBXBuildFile; fileRef = CD69F9C727AD838A00D2F67A /* AppDelegate.swift */; };
		CD69F9CA27AD838A00D2F67A /* SceneDelegate.swift in Sources */ = {isa = PBXBuildFile; fileRef = CD69F9C927AD838A00D2F67A /* SceneDelegate.swift */; };
		CD69F9CF27AD838A00D2F67A /* Main.storyboard in Resources */ = {isa = PBXBuildFile; fileRef = CD69F9CD27AD838A00D2F67A /* Main.storyboard */; };
		CD69F9D127AD838B00D2F67A /* Assets.xcassets in Resources */ = {isa = PBXBuildFile; fileRef = CD69F9D027AD838B00D2F67A /* Assets.xcassets */; };
		CD69F9D427AD838B00D2F67A /* LaunchScreen.storyboard in Resources */ = {isa = PBXBuildFile; fileRef = CD69F9D227AD838B00D2F67A /* LaunchScreen.storyboard */; };
		CD69F9E527AD883B00D2F67A /* Person.swift in Sources */ = {isa = PBXBuildFile; fileRef = CD69F9E427AD883B00D2F67A /* Person.swift */; };
		CD69F9E927ADC35E00D2F67A /* PersonListViewController.swift in Sources */ = {isa = PBXBuildFile; fileRef = CD69F9E827ADC35E00D2F67A /* PersonListViewController.swift */; };
/* End PBXBuildFile section */

/* Begin PBXFileReference section */
		CD69F9C427AD838A00D2F67A /* PersonsList.app */ = {isa = PBXFileReference; explicitFileType = wrapper.application; includeInIndex = 0; path = PersonsList.app; sourceTree = BUILT_PRODUCTS_DIR; };
		CD69F9C727AD838A00D2F67A /* AppDelegate.swift */ = {isa = PBXFileReference; lastKnownFileType = sourcecode.swift; path = AppDelegate.swift; sourceTree = "<group>"; };
		CD69F9C927AD838A00D2F67A /* SceneDelegate.swift */ = {isa = PBXFileReference; lastKnownFileType = sourcecode.swift; path = SceneDelegate.swift; sourceTree = "<group>"; };
		CD69F9CE27AD838A00D2F67A /* Base */ = {isa = PBXFileReference; lastKnownFileType = file.storyboard; name = Base; path = Base.lproj/Main.storyboard; sourceTree = "<group>"; };
		CD69F9D027AD838B00D2F67A /* Assets.xcassets */ = {isa = PBXFileReference; lastKnownFileType = folder.assetcatalog; path = Assets.xcassets; sourceTree = "<group>"; };
		CD69F9D327AD838B00D2F67A /* Base */ = {isa = PBXFileReference; lastKnownFileType = file.storyboard; name = Base; path = Base.lproj/LaunchScreen.storyboard; sourceTree = "<group>"; };
		CD69F9D527AD838B00D2F67A /* Info.plist */ = {isa = PBXFileReference; lastKnownFileType = text.plist.xml; path = Info.plist; sourceTree = "<group>"; };
		CD69F9E427AD883B00D2F67A /* Person.swift */ = {isa = PBXFileReference; lastKnownFileType = sourcecode.swift; path = Person.swift; sourceTree = "<group>"; };
		CD69F9E827ADC35E00D2F67A /* PersonListViewController.swift */ = {isa = PBXFileReference; lastKnownFileType = sourcecode.swift; path = PersonListViewController.swift; sourceTree = "<group>"; };
/* End PBXFileReference section */

/* Begin PBXFrameworksBuildPhase section */
		CD69F9C127AD838A00D2F67A /* Frameworks */ = {
			isa = PBXFrameworksBuildPhase;
			buildActionMask = 2147483647;
			files = (
			);
			runOnlyForDeploymentPostprocessing = 0;
		};
/* End PBXFrameworksBuildPhase section */

/* Begin PBXGroup section */
		CD69F9BB27AD838A00D2F67A = {
			isa = PBXGroup;
			children = (
				CD69F9C627AD838A00D2F67A /* PersonsList */,
				CD69F9C527AD838A00D2F67A /* Products */,
			);
			sourceTree = "<group>";
		};
		CD69F9C527AD838A00D2F67A /* Products */ = {
			isa = PBXGroup;
			children = (
				CD69F9C427AD838A00D2F67A /* PersonsList.app */,
			);
			name = Products;
			sourceTree = "<group>";
		};
		CD69F9C627AD838A00D2F67A /* PersonsList */ = {
			isa = PBXGroup;
			children = (
				CD69F9E027AD846B00D2F67A /* ViewControllers */,
				CD69F9E327AD871B00D2F67A /* Models */,
				CD69F9E127AD848100D2F67A /* StoryBoards */,
				CD69F9DF27AD845B00D2F67A /* Resources */,
				CD69F9DD27AD844000D2F67A /* App */,
			);
			path = PersonsList;
			sourceTree = "<group>";
		};
		CD69F9DD27AD844000D2F67A /* App */ = {
			isa = PBXGroup;
			children = (
				CD69F9C727AD838A00D2F67A /* AppDelegate.swift */,
				CD69F9C927AD838A00D2F67A /* SceneDelegate.swift */,
				CD69F9D527AD838B00D2F67A /* Info.plist */,
			);
			path = App;
			sourceTree = "<group>";
		};
		CD69F9DF27AD845B00D2F67A /* Resources */ = {
			isa = PBXGroup;
			children = (
				CD69F9D027AD838B00D2F67A /* Assets.xcassets */,
			);
			path = Resources;
			sourceTree = "<group>";
		};
		CD69F9E027AD846B00D2F67A /* ViewControllers */ = {
			isa = PBXGroup;
			children = (
				CD69F9E827ADC35E00D2F67A /* PersonListViewController.swift */,
			);
			path = ViewControllers;
			sourceTree = "<group>";
		};
		CD69F9E127AD848100D2F67A /* StoryBoards */ = {
			isa = PBXGroup;
			children = (
				CD69F9CD27AD838A00D2F67A /* Main.storyboard */,
				CD69F9D227AD838B00D2F67A /* LaunchScreen.storyboard */,
			);
			path = StoryBoards;
			sourceTree = "<group>";
		};
		CD69F9E327AD871B00D2F67A /* Models */ = {
			isa = PBXGroup;
			children = (
				CD69F9E427AD883B00D2F67A /* Person.swift */,
			);
			path = Models;
			sourceTree = "<group>";
		};
/* End PBXGroup section */

/* Begin PBXNativeTarget section */
		CD69F9C327AD838A00D2F67A /* PersonsList */ = {
			isa = PBXNativeTarget;
			buildConfigurationList = CD69F9D827AD838B00D2F67A /* Build configuration list for PBXNativeTarget "PersonsList" */;
			buildPhases = (
				CD69F9C027AD838A00D2F67A /* Sources */,
				CD69F9C127AD838A00D2F67A /* Frameworks */,
				CD69F9C227AD838A00D2F67A /* Resources */,
			);
			buildRules = (
			);
			dependencies = (
			);
			name = PersonsList;
			productName = PersonsList;
			productReference = CD69F9C427AD838A00D2F67A /* PersonsList.app */;
			productType = "com.apple.product-type.application";
		};
/* End PBXNativeTarget section */

/* Begin PBXProject section */
		CD69F9BC27AD838A00D2F67A /* Project object */ = {
			isa = PBXProject;
			attributes = {
				BuildIndependentTargetsInParallel = 1;
				LastSwiftUpdateCheck = 1310;
				LastUpgradeCheck = 1310;
				TargetAttributes = {
					CD69F9C327AD838A00D2F67A = {
						CreatedOnToolsVersion = 13.1;
					};
				};
			};
			buildConfigurationList = CD69F9BF27AD838A00D2F67A /* Build configuration list for PBXProject "PersonsList" */;
			compatibilityVersion = "Xcode 13.0";
			developmentRegion = en;
			hasScannedForEncodings = 0;
			knownRegions = (
				en,
				Base,
			);
			mainGroup = CD69F9BB27AD838A00D2F67A;
			productRefGroup = CD69F9C527AD838A00D2F67A /* Products */;
			projectDirPath = "";
			projectRoot = "";
			targets = (
				CD69F9C327AD838A00D2F67A /* PersonsList */,
			);
		};
/* End PBXProject section */

/* Begin PBXResourcesBuildPhase section */
		CD69F9C227AD838A00D2F67A /* Resources */ = {
			isa = PBXResourcesBuildPhase;
			buildActionMask = 2147483647;
			files = (
				CD69F9D427AD838B00D2F67A /* LaunchScreen.storyboard in Resources */,
				CD69F9D127AD838B00D2F67A /* Assets.xcassets in Resources */,
				CD69F9CF27AD838A00D2F67A /* Main.storyboard in Resources */,
			);
			runOnlyForDeploymentPostprocessing = 0;
		};
/* End PBXResourcesBuildPhase section */

/* Begin PBXSourcesBuildPhase section */
		CD69F9C027AD838A00D2F67A /* Sources */ = {
			isa = PBXSourcesBuildPhase;
			buildActionMask = 2147483647;
			files = (
				CD69F9C827AD838A00D2F67A /* AppDelegate.swift in Sources */,
				CD69F9E527AD883B00D2F67A /* Person.swift in Sources */,
				CD69F9CA27AD838A00D2F67A /* SceneDelegate.swift in Sources */,
				CD69F9E927ADC35E00D2F67A /* PersonListViewController.swift in Sources */,
			);
			runOnlyForDeploymentPostprocessing = 0;
		};
/* End PBXSourcesBuildPhase section */

/* Begin PBXVariantGroup section */
		CD69F9CD27AD838A00D2F67A /* Main.storyboard */ = {
			isa = PBXVariantGroup;
			children = (
				CD69F9CE27AD838A00D2F67A /* Base */,
			);
			name = Main.storyboard;
			sourceTree = "<group>";
		};
		CD69F9D227AD838B00D2F67A /* LaunchScreen.storyboard */ = {
			isa = PBXVariantGroup;
			children = (
				CD69F9D327AD838B00D2F67A /* Base */,
			);
			name = LaunchScreen.storyboard;
			sourceTree = "<group>";
		};
/* End PBXVariantGroup section */

/* Begin XCBuildConfiguration section */
		CD69F9D627AD838B00D2F67A /* Debug */ = {
			isa = XCBuildConfiguration;
			buildSettings = {
				ALWAYS_SEARCH_USER_PATHS = NO;
				CLANG_ANALYZER_NONNULL = YES;
				CLANG_ANALYZER_NUMBER_OBJECT_CONVERSION = YES_AGGRESSIVE;
				CLANG_CXX_LANGUAGE_STANDARD = "gnu++17";
				CLANG_CXX_LIBRARY = "libc++";
				CLANG_ENABLE_MODULES = YES;
				CLANG_ENABLE_OBJC_ARC = YES;
				CLANG_ENABLE_OBJC_WEAK = YES;
				CLANG_WARN_BLOCK_CAPTURE_AUTORELEASING = YES;
				CLANG_WARN_BOOL_CONVERSION = YES;
				CLANG_WARN_COMMA = YES;
				CLANG_WARN_CONSTANT_CONVERSION = YES;
				CLANG_WARN_DEPRECATED_OBJC_IMPLEMENTATIONS = YES;
				CLANG_WARN_DIRECT_OBJC_ISA_USAGE = YES_ERROR;
				CLANG_WARN_DOCUMENTATION_COMMENTS = YES;
				CLANG_WARN_EMPTY_BODY = YES;
				CLANG_WARN_ENUM_CONVERSION = YES;
				CLANG_WARN_INFINITE_RECURSION = YES;
				CLANG_WARN_INT_CONVERSION = YES;
				CLANG_WARN_NON_LITERAL_NULL_CONVERSION = YES;
				CLANG_WARN_OBJC_IMPLICIT_RETAIN_SELF = YES;
				CLANG_WARN_OBJC_LITERAL_CONVERSION = YES;
				CLANG_WARN_OBJC_ROOT_CLASS = YES_ERROR;
				CLANG_WARN_QUOTED_INCLUDE_IN_FRAMEWORK_HEADER = YES;
				CLANG_WARN_RANGE_LOOP_ANALYSIS = YES;
				CLANG_WARN_STRICT_PROTOTYPES = YES;
				CLANG_WARN_SUSPICIOUS_MOVE = YES;
				CLANG_WARN_UNGUARDED_AVAILABILITY = YES_AGGRESSIVE;
				CLANG_WARN_UNREACHABLE_CODE = YES;
				CLANG_WARN__DUPLICATE_METHOD_MATCH = YES;
				COPY_PHASE_STRIP = NO;
				DEBUG_INFORMATION_FORMAT = dwarf;
				ENABLE_STRICT_OBJC_MSGSEND = YES;
				ENABLE_TESTABILITY = YES;
				GCC_C_LANGUAGE_STANDARD = gnu11;
				GCC_DYNAMIC_NO_PIC = NO;
				GCC_NO_COMMON_BLOCKS = YES;
				GCC_OPTIMIZATION_LEVEL = 0;
				GCC_PREPROCESSOR_DEFINITIONS = (
					"DEBUG=1",
					"$(inherited)",
				);
				GCC_WARN_64_TO_32_BIT_CONVERSION = YES;
				GCC_WARN_ABOUT_RETURN_TYPE = YES_ERROR;
				GCC_WARN_UNDECLARED_SELECTOR = YES;
				GCC_WARN_UNINITIALIZED_AUTOS = YES_AGGRESSIVE;
				GCC_WARN_UNUSED_FUNCTION = YES;
				GCC_WARN_UNUSED_VARIABLE = YES;
				IPHONEOS_DEPLOYMENT_TARGET = 15.0;
				MTL_ENABLE_DEBUG_INFO = INCLUDE_SOURCE;
				MTL_FAST_MATH = YES;
				ONLY_ACTIVE_ARCH = YES;
				SDKROOT = iphoneos;
				SWIFT_ACTIVE_COMPILATION_CONDITIONS = DEBUG;
				SWIFT_OPTIMIZATION_LEVEL = "-Onone";
			};
			name = Debug;
		};
		CD69F9D727AD838B00D2F67A /* Release */ = {
			isa = XCBuildConfiguration;
			buildSettings = {
				ALWAYS_SEARCH_USER_PATHS = NO;
				CLANG_ANALYZER_NONNULL = YES;
				CLANG_ANALYZER_NUMBER_OBJECT_CONVERSION = YES_AGGRESSIVE;
				CLANG_CXX_LANGUAGE_STANDARD = "gnu++17";
				CLANG_CXX_LIBRARY = "libc++";
				CLANG_ENABLE_MODULES = YES;
				CLANG_ENABLE_OBJC_ARC = YES;
				CLANG_ENABLE_OBJC_WEAK = YES;
				CLANG_WARN_BLOCK_CAPTURE_AUTORELEASING = YES;
				CLANG_WARN_BOOL_CONVERSION = YES;
				CLANG_WARN_COMMA = YES;
				CLANG_WARN_CONSTANT_CONVERSION = YES;
				CLANG_WARN_DEPRECATED_OBJC_IMPLEMENTATIONS = YES;
				CLANG_WARN_DIRECT_OBJC_ISA_USAGE = YES_ERROR;
				CLANG_WARN_DOCUMENTATION_COMMENTS = YES;
				CLANG_WARN_EMPTY_BODY = YES;
				CLANG_WARN_ENUM_CONVERSION = YES;
				CLANG_WARN_INFINITE_RECURSION = YES;
				CLANG_WARN_INT_CONVERSION = YES;
				CLANG_WARN_NON_LITERAL_NULL_CONVERSION = YES;
				CLANG_WARN_OBJC_IMPLICIT_RETAIN_SELF = YES;
				CLANG_WARN_OBJC_LITERAL_CONVERSION = YES;
				CLANG_WARN_OBJC_ROOT_CLASS = YES_ERROR;
				CLANG_WARN_QUOTED_INCLUDE_IN_FRAMEWORK_HEADER = YES;
				CLANG_WARN_RANGE_LOOP_ANALYSIS = YES;
				CLANG_WARN_STRICT_PROTOTYPES = YES;
				CLANG_WARN_SUSPICIOUS_MOVE = YES;
				CLANG_WARN_UNGUARDED_AVAILABILITY = YES_AGGRESSIVE;
				CLANG_WARN_UNREACHABLE_CODE = YES;
				CLANG_WARN__DUPLICATE_METHOD_MATCH = YES;
				COPY_PHASE_STRIP = NO;
				DEBUG_INFORMATION_FORMAT = "dwarf-with-dsym";
				ENABLE_NS_ASSERTIONS = NO;
				ENABLE_STRICT_OBJC_MSGSEND = YES;
				GCC_C_LANGUAGE_STANDARD = gnu11;
				GCC_NO_COMMON_BLOCKS = YES;
				GCC_WARN_64_TO_32_BIT_CONVERSION = YES;
				GCC_WARN_ABOUT_RETURN_TYPE = YES_ERROR;
				GCC_WARN_UNDECLARED_SELECTOR = YES;
				GCC_WARN_UNINITIALIZED_AUTOS = YES_AGGRESSIVE;
				GCC_WARN_UNUSED_FUNCTION = YES;
				GCC_WARN_UNUSED_VARIABLE = YES;
				IPHONEOS_DEPLOYMENT_TARGET = 15.0;
				MTL_ENABLE_DEBUG_INFO = NO;
				MTL_FAST_MATH = YES;
				SDKROOT = iphoneos;
				SWIFT_COMPILATION_MODE = wholemodule;
				SWIFT_OPTIMIZATION_LEVEL = "-O";
				VALIDATE_PRODUCT = YES;
			};
			name = Release;
		};
		CD69F9D927AD838B00D2F67A /* Debug */ = {
			isa = XCBuildConfiguration;
			buildSettings = {
				ASSETCATALOG_COMPILER_APPICON_NAME = AppIcon;
				ASSETCATALOG_COMPILER_GLOBAL_ACCENT_COLOR_NAME = AccentColor;
				CODE_SIGN_STYLE = Automatic;
				CURRENT_PROJECT_VERSION = 1;
				DEVELOPMENT_TEAM = PM8F5XKSQ6;
				GENERATE_INFOPLIST_FILE = YES;
				INFOPLIST_FILE = PersonsList/App/Info.plist;
				INFOPLIST_KEY_UIApplicationSupportsIndirectInputEvents = YES;
				INFOPLIST_KEY_UILaunchStoryboardName = LaunchScreen;
				INFOPLIST_KEY_UIMainStoryboardFile = Main;
				INFOPLIST_KEY_UISupportedInterfaceOrientations_iPad = "UIInterfaceOrientationPortrait UIInterfaceOrientationPortraitUpsideDown UIInterfaceOrientationLandscapeLeft UIInterfaceOrientationLandscapeRight";
				INFOPLIST_KEY_UISupportedInterfaceOrientations_iPhone = "UIInterfaceOrientationPortrait UIInterfaceOrientationLandscapeLeft UIInterfaceOrientationLandscapeRight";
				LD_RUNPATH_SEARCH_PATHS = (
					"$(inherited)",
					"@executable_path/Frameworks",
				);
				MARKETING_VERSION = 1.0;
				PRODUCT_BUNDLE_IDENTIFIER = product.PersonsList;
				PRODUCT_NAME = "$(TARGET_NAME)";
				SWIFT_EMIT_LOC_STRINGS = YES;
				SWIFT_VERSION = 5.0;
				TARGETED_DEVICE_FAMILY = "1,2";
			};
			name = Debug;
		};
		CD69F9DA27AD838B00D2F67A /* Release */ = {
			isa = XCBuildConfiguration;
			buildSettings = {
				ASSETCATALOG_COMPILER_APPICON_NAME = AppIcon;
				ASSETCATALOG_COMPILER_GLOBAL_ACCENT_COLOR_NAME = AccentColor;
				CODE_SIGN_STYLE = Automatic;
				CURRENT_PROJECT_VERSION = 1;
				DEVELOPMENT_TEAM = PM8F5XKSQ6;
				GENERATE_INFOPLIST_FILE = YES;
				INFOPLIST_FILE = PersonsList/App/Info.plist;
				INFOPLIST_KEY_UIApplicationSupportsIndirectInputEvents = YES;
				INFOPLIST_KEY_UILaunchStoryboardName = LaunchScreen;
				INFOPLIST_KEY_UIMainStoryboardFile = Main;
				INFOPLIST_KEY_UISupportedInterfaceOrientations_iPad = "UIInterfaceOrientationPortrait UIInterfaceOrientationPortraitUpsideDown UIInterfaceOrientationLandscapeLeft UIInterfaceOrientationLandscapeRight";
				INFOPLIST_KEY_UISupportedInterfaceOrientations_iPhone = "UIInterfaceOrientationPortrait UIInterfaceOrientationLandscapeLeft UIInterfaceOrientationLandscapeRight";
				LD_RUNPATH_SEARCH_PATHS = (
					"$(inherited)",
					"@executable_path/Frameworks",
				);
				MARKETING_VERSION = 1.0;
				PRODUCT_BUNDLE_IDENTIFIER = product.PersonsList;
				PRODUCT_NAME = "$(TARGET_NAME)";
				SWIFT_EMIT_LOC_STRINGS = YES;
				SWIFT_VERSION = 5.0;
				TARGETED_DEVICE_FAMILY = "1,2";
			};
			name = Release;
		};
/* End XCBuildConfiguration section */

/* Begin XCConfigurationList section */
		CD69F9BF27AD838A00D2F67A /* Build configuration list for PBXProject "PersonsList" */ = {
			isa = XCConfigurationList;
			buildConfigurations = (
				CD69F9D627AD838B00D2F67A /* Debug */,
				CD69F9D727AD838B00D2F67A /* Release */,
			);
			defaultConfigurationIsVisible = 0;
			defaultConfigurationName = Release;
		};
		CD69F9D827AD838B00D2F67A /* Build configuration list for PBXNativeTarget "PersonsList" */ = {
			isa = XCConfigurationList;
			buildConfigurations = (
				CD69F9D927AD838B00D2F67A /* Debug */,
				CD69F9DA27AD838B00D2F67A /* Release */,
			);
			defaultConfigurationIsVisible = 0;
			defaultConfigurationName = Release;
		};
/* End XCConfigurationList section */
	};
	rootObject = CD69F9BC27AD838A00D2F67A /* Project object */;
}
